
Microsoft Visual Studio Solution File, Format Version 12.00
# Visual Studio Version 17
VisualStudioVersion = 17.4.33205.214
MinimumVisualStudioVersion = 10.0.40219.1
Project("{FAE04EC0-301F-11D3-BF4B-00C04F79EFBC}") = "RepairService.UI", "RepairService.UI\RepairService.UI.csproj", "{7D5447DC-C839-475A-AB5F-A8069019066D}"
EndProject
Project("{FAE04EC0-301F-11D3-BF4B-00C04F79EFBC}") = "RepairService.Context", "RepairService.Context\RepairService.Context.csproj", "{14A538D4-CB35-4AFC-9D14-8DCA882E1F5B}"
EndProject
Global
	GlobalSection(SolutionConfigurationPlatforms) = preSolution
		Debug|Any CPU = Debug|Any CPU
		Release|Any CPU = Release|Any CPU
	EndGlobalSection
	GlobalSection(ProjectConfigurationPlatforms) = postSolution
		{7D5447DC-C839-475A-AB5F-A8069019066D}.Debug|Any CPU.ActiveCfg = Debug|Any CPU
		{7D5447DC-C839-475A-AB5F-A8069019066D}.Debug|Any CPU.Build.0 = Debug|Any CPU
		{7D5447DC-C839-475A-AB5F-A8069019066D}.Release|Any CPU.ActiveCfg = Release|Any CPU
		{7D5447DC-C839-475A-AB5F-A8069019066D}.Release|Any CPU.Build.0 = Release|Any CPU
		{14A538D4-CB35-4AFC-9D14-8DCA882E1F5B}.Debug|Any CPU.ActiveCfg = Debug|Any CPU
		{14A538D4-CB35-4AFC-9D14-8DCA882E1F5B}.Debug|Any CPU.Build.0 = Debug|Any CPU
		{14A538D4-CB35-4AFC-9D14-8DCA882E1F5B}.Release|Any CPU.ActiveCfg = Release|Any CPU
		{14A538D4-CB35-4AFC-9D14-8DCA882E1F5B}.Release|Any CPU.Build.0 = Release|Any CPU
	EndGlobalSection
	GlobalSection(SolutionProperties) = preSolution
		HideSolutionNode = FALSE
	EndGlobalSection
	GlobalSection(ExtensibilityGlobals) = postSolution
		SolutionGuid = {0377AD67-2742-4394-8B83-9E0B48DAD339}
	EndGlobalSection
EndGlobal
